// !$*UTF8*$!
{
	archiveVersion = 1;
	classes = {
	};
	objectVersion = 46;
	objects = {

/* Begin PBXBuildFile section */
		FBDFC24B1DB859A800173221 /* main.m in Sources */ = {isa = PBXBuildFile; fileRef = FBDFC24A1DB859A800173221 /* main.m */; };
		FBDFC24E1DB859A800173221 /* AppDelegate.m in Sources */ = {isa = PBXBuildFile; fileRef = FBDFC24D1DB859A800173221 /* AppDelegate.m */; };
		FBDFC2511DB859A800173221 /* ViewController.m in Sources */ = {isa = PBXBuildFile; fileRef = FBDFC2501DB859A800173221 /* ViewController.m */; };
		FBDFC2541DB859A800173221 /* Main.storyboard in Resources */ = {isa = PBXBuildFile; fileRef = FBDFC2521DB859A800173221 /* Main.storyboard */; };
		FBDFC2561DB859A800173221 /* Assets.xcassets in Resources */ = {isa = PBXBuildFile; fileRef = FBDFC2551DB859A800173221 /* Assets.xcassets */; };
		FBDFC2591DB859A800173221 /* LaunchScreen.storyboard in Resources */ = {isa = PBXBuildFile; fileRef = FBDFC2571DB859A800173221 /* LaunchScreen.storyboard */; };
		FBDFC26B1DB85A2D00173221 /* UIImage+Gif.m in Sources */ = {isa = PBXBuildFile; fileRef = FBDFC2681DB85A2D00173221 /* UIImage+Gif.m */; };
		FBDFC26C1DB85A2D00173221 /* UIViewController+HUD.m in Sources */ = {isa = PBXBuildFile; fileRef = FBDFC26A1DB85A2D00173221 /* UIViewController+HUD.m */; };
		FBDFC2701DB85A5F00173221 /* gif.gif in Resources */ = {isa = PBXBuildFile; fileRef = FBDFC26F1DB85A5F00173221 /* gif.gif */; };
		FBDFC2721DB85F1B00173221 /* no_data.jpg in Resources */ = {isa = PBXBuildFile; fileRef = FBDFC2711DB85F1B00173221 /* no_data.jpg */; };
/* End PBXBuildFile section */

/* Begin PBXFileReference section */
		FBDFC2461DB859A800173221 /* LTDataStatus.app */ = {isa = PBXFileReference; explicitFileType = wrapper.application; includeInIndex = 0; path = LTDataStatus.app; sourceTree = BUILT_PRODUCTS_DIR; };
		FBDFC24A1DB859A800173221 /* main.m */ = {isa = PBXFileReference; lastKnownFileType = sourcecode.c.objc; path = main.m; sourceTree = "<group>"; };
		FBDFC24C1DB859A800173221 /* AppDelegate.h */ = {isa = PBXFileReference; lastKnownFileType = sourcecode.c.h; path = AppDelegate.h; sourceTree = "<group>"; };
		FBDFC24D1DB859A800173221 /* AppDelegate.m */ = {isa = PBXFileReference; lastKnownFileType = sourcecode.c.objc; path = AppDelegate.m; sourceTree = "<group>"; };
		FBDFC24F1DB859A800173221 /* ViewController.h */ = {isa = PBXFileReference; lastKnownFileType = sourcecode.c.h; path = ViewController.h; sourceTree = "<group>"; };
		FBDFC2501DB859A800173221 /* ViewController.m */ = {isa = PBXFileReference; lastKnownFileType = sourcecode.c.objc; path = ViewController.m; sourceTree = "<group>"; };
		FBDFC2531DB859A800173221 /* Base */ = {isa = PBXFileReference; lastKnownFileType = file.storyboard; name = Base; path = Base.lproj/Main.storyboard; sourceTree = "<group>"; };
		FBDFC2551DB859A800173221 /* Assets.xcassets */ = {isa = PBXFileReference; lastKnownFileType = folder.assetcatalog; path = Assets.xcassets; sourceTree = "<group>"; };
		FBDFC2581DB859A800173221 /* Base */ = {isa = PBXFileReference; lastKnownFileType = file.storyboard; name = Base; path = Base.lproj/LaunchScreen.storyboard; sourceTree = "<group>"; };
		FBDFC25A1DB859A800173221 /* Info.plist */ = {isa = PBXFileReference; lastKnownFileType = text.plist.xml; path = Info.plist; sourceTree = "<group>"; };
		FBDFC2671DB85A2D00173221 /* UIImage+Gif.h */ = {isa = PBXFileReference; fileEncoding = 4; lastKnownFileType = sourcecode.c.h; path = "UIImage+Gif.h"; sourceTree = "<group>"; };
		FBDFC2681DB85A2D00173221 /* UIImage+Gif.m */ = {isa = PBXFileReference; fileEncoding = 4; lastKnownFileType = sourcecode.c.objc; path = "UIImage+Gif.m"; sourceTree = "<group>"; };
		FBDFC2691DB85A2D00173221 /* UIViewController+HUD.h */ = {isa = PBXFileReference; fileEncoding = 4; lastKnownFileType = sourcecode.c.h; path = "UIViewController+HUD.h"; sourceTree = "<group>"; };
		FBDFC26A1DB85A2D00173221 /* UIViewController+HUD.m */ = {isa = PBXFileReference; fileEncoding = 4; lastKnownFileType = sourcecode.c.objc; path = "UIViewController+HUD.m"; sourceTree = "<group>"; };
		FBDFC26F1DB85A5F00173221 /* gif.gif */ = {isa = PBXFileReference; lastKnownFileType = image.gif; path = gif.gif; sourceTree = "<group>"; };
		FBDFC2711DB85F1B00173221 /* no_data.jpg */ = {isa = PBXFileReference; lastKnownFileType = image.jpeg; path = no_data.jpg; sourceTree = "<group>"; };
/* End PBXFileReference section */

/* Begin PBXFrameworksBuildPhase section */
		FBDFC2431DB859A800173221 /* Frameworks */ = {
			isa = PBXFrameworksBuildPhase;
			buildActionMask = 2147483647;
			files = (
			);
			runOnlyForDeploymentPostprocessing = 0;
		};
/* End PBXFrameworksBuildPhase section */

/* Begin PBXGroup section */
		FBDFC23D1DB859A800173221 = {
			isa = PBXGroup;
			children = (
				FBDFC2481DB859A800173221 /* LTDataStatus */,
				FBDFC2471DB859A800173221 /* Products */,
			);
			sourceTree = "<group>";
		};
		FBDFC2471DB859A800173221 /* Products */ = {
			isa = PBXGroup;
			children = (
				FBDFC2461DB859A800173221 /* LTDataStatus.app */,
			);
			name = Products;
			sourceTree = "<group>";
		};
		FBDFC2481DB859A800173221 /* LTDataStatus */ = {
			isa = PBXGroup;
			children = (
				FBDFC2661DB85A2D00173221 /* Category */,
				FBDFC24C1DB859A800173221 /* AppDelegate.h */,
				FBDFC24D1DB859A800173221 /* AppDelegate.m */,
				FBDFC2711DB85F1B00173221 /* no_data.jpg */,
				FBDFC26F1DB85A5F00173221 /* gif.gif */,
				FBDFC24F1DB859A800173221 /* ViewController.h */,
				FBDFC2501DB859A800173221 /* ViewController.m */,
				FBDFC2521DB859A800173221 /* Main.storyboard */,
				FBDFC2551DB859A800173221 /* Assets.xcassets */,
				FBDFC2571DB859A800173221 /* LaunchScreen.storyboard */,
				FBDFC25A1DB859A800173221 /* Info.plist */,
				FBDFC2491DB859A800173221 /* Supporting Files */,
			);
			path = LTDataStatus;
			sourceTree = "<group>";
		};
		FBDFC2491DB859A800173221 /* Supporting Files */ = {
			isa = PBXGroup;
			children = (
				FBDFC24A1DB859A800173221 /* main.m */,
			);
			name = "Supporting Files";
			sourceTree = "<group>";
		};
		FBDFC2661DB85A2D00173221 /* Category */ = {
			isa = PBXGroup;
			children = (
				FBDFC2671DB85A2D00173221 /* UIImage+Gif.h */,
				FBDFC2681DB85A2D00173221 /* UIImage+Gif.m */,
				FBDFC2691DB85A2D00173221 /* UIViewController+HUD.h */,
				FBDFC26A1DB85A2D00173221 /* UIViewController+HUD.m */,
			);
			path = Category;
			sourceTree = "<group>";
		};
/* End PBXGroup section */

/* Begin PBXNativeTarget section */
		FBDFC2451DB859A800173221 /* LTDataStatus */ = {
			isa = PBXNativeTarget;
			buildConfigurationList = FBDFC25D1DB859A800173221 /* Build configuration list for PBXNativeTarget "LTDataStatus" */;
			buildPhases = (
				FBDFC2421DB859A800173221 /* Sources */,
				FBDFC2431DB859A800173221 /* Frameworks */,
				FBDFC2441DB859A800173221 /* Resources */,
			);
			buildRules = (
			);
			dependencies = (
			);
			name = LTDataStatus;
			productName = LTDataStatus;
			productReference = FBDFC2461DB859A800173221 /* LTDataStatus.app */;
			productType = "com.apple.product-type.application";
		};
/* End PBXNativeTarget section */

/* Begin PBXProject section */
		FBDFC23E1DB859A800173221 /* Project object */ = {
			isa = PBXProject;
			attributes = {
				LastUpgradeCheck = 0800;
				ORGANIZATIONNAME = Jonny;
				TargetAttributes = {
					FBDFC2451DB859A800173221 = {
						CreatedOnToolsVersion = 8.0;
						DevelopmentTeam = 5PPD73Z536;
						ProvisioningStyle = Automatic;
					};
				};
			};
			buildConfigurationList = FBDFC2411DB859A800173221 /* Build configuration list for PBXProject "LTDataStatus" */;
			compatibilityVersion = "Xcode 3.2";
			developmentRegion = English;
			hasScannedForEncodings = 0;
			knownRegions = (
				en,
				Base,
			);
			mainGroup = FBDFC23D1DB859A800173221;
			productRefGroup = FBDFC2471DB859A800173221 /* Products */;
			projectDirPath = "";
			projectRoot = "";
			targets = (
				FBDFC2451DB859A800173221 /* LTDataStatus */,
			);
		};
/* End PBXProject section */

/* Begin PBXResourcesBuildPhase section */
		FBDFC2441DB859A800173221 /* Resources */ = {
			isa = PBXResourcesBuildPhase;
			buildActionMask = 2147483647;
			files = (
				FBDFC2591DB859A800173221 /* LaunchScreen.storyboard in Resources */,
				FBDFC2721DB85F1B00173221 /* no_data.jpg in Resources */,
				FBDFC2561DB859A800173221 /* Assets.xcassets in Resources */,
				FBDFC2541DB859A800173221 /* Main.storyboard in Resources */,
				FBDFC2701DB85A5F00173221 /* gif.gif in Resources */,
			);
			runOnlyForDeploymentPostprocessing = 0;
		};
/* End PBXResourcesBuildPhase section */

/* Begin PBXSourcesBuildPhase section */
		FBDFC2421DB859A800173221 /* Sources */ = {
			isa = PBXSourcesBuildPhase;
			buildActionMask = 2147483647;
			files = (
				FBDFC26B1DB85A2D00173221 /* UIImage+Gif.m in Sources */,
				FBDFC2511DB859A800173221 /* ViewController.m in Sources */,
				FBDFC24E1DB859A800173221 /* AppDelegate.m in Sources */,
				FBDFC26C1DB85A2D00173221 /* UIViewController+HUD.m in Sources */,
				FBDFC24B1DB859A800173221 /* main.m in Sources */,
			);
			runOnlyForDeploymentPostprocessing = 0;
		};
/* End PBXSourcesBuildPhase section */

/* Begin PBXVariantGroup section */
		FBDFC2521DB859A800173221 /* Main.storyboard */ = {
			isa = PBXVariantGroup;
			children = (
				FBDFC2531DB859A800173221 /* Base */,
			);
			name = Main.storyboard;
			sourceTree = "<group>";
		};
		FBDFC2571DB859A800173221 /* LaunchScreen.storyboard */ = {
			isa = PBXVariantGroup;
			children = (
				FBDFC2581DB859A800173221 /* Base */,
			);
			name = LaunchScreen.storyboard;
			sourceTree = "<group>";
		};
/* End PBXVariantGroup section */

/* Begin XCBuildConfiguration section */
		FBDFC25B1DB859A800173221 /* Debug */ = {
			isa = XCBuildConfiguration;
			buildSettings = {
				ALWAYS_SEARCH_USER_PATHS = NO;
				CLANG_ANALYZER_NONNULL = YES;
				CLANG_CXX_LANGUAGE_STANDARD = "gnu++0x";
				CLANG_CXX_LIBRARY = "libc++";
				CLANG_ENABLE_MODULES = YES;
				CLANG_ENABLE_OBJC_ARC = YES;
				CLANG_WARN_BOOL_CONVERSION = YES;
				CLANG_WARN_CONSTANT_CONVERSION = YES;
				CLANG_WARN_DIRECT_OBJC_ISA_USAGE = YES_ERROR;
				CLANG_WARN_DOCUMENTATION_COMMENTS = YES;
				CLANG_WARN_EMPTY_BODY = YES;
				CLANG_WARN_ENUM_CONVERSION = YES;
				CLANG_WARN_INFINITE_RECURSION = YES;
				CLANG_WARN_INT_CONVERSION = YES;
				CLANG_WARN_OBJC_ROOT_CLASS = YES_ERROR;
				CLANG_WARN_SUSPICIOUS_MOVES = YES;
				CLANG_WARN_UNREACHABLE_CODE = YES;
				CLANG_WARN__DUPLICATE_METHOD_MATCH = YES;
				"CODE_SIGN_IDENTITY[sdk=iphoneos*]" = "iPhone Developer";
				COPY_PHASE_STRIP = NO;
				DEBUG_INFORMATION_FORMAT = dwarf;
				ENABLE_STRICT_OBJC_MSGSEND = YES;
				ENABLE_TESTABILITY = YES;
				GCC_C_LANGUAGE_STANDARD = gnu99;
				GCC_DYNAMIC_NO_PIC = NO;
				GCC_NO_COMMON_BLOCKS = YES;
				GCC_OPTIMIZATION_LEVEL = 0;
				GCC_PREPROCESSOR_DEFINITIONS = (
					"DEBUG=1",
					"$(inherited)",
				);
				GCC_WARN_64_TO_32_BIT_CONVERSION = YES;
				GCC_WARN_ABOUT_RETURN_TYPE = YES_ERROR;
				GCC_WARN_UNDECLARED_SELECTOR = YES;
				GCC_WARN_UNINITIALIZED_AUTOS = YES_AGGRESSIVE;
				GCC_WARN_UNUSED_FUNCTION = YES;
				GCC_WARN_UNUSED_VARIABLE = YES;
				IPHONEOS_DEPLOYMENT_TARGET = 10.0;
				MTL_ENABLE_DEBUG_INFO = YES;
				ONLY_ACTIVE_ARCH = YES;
				SDKROOT = iphoneos;
				TARGETED_DEVICE_FAMILY = "1,2";
			};
			name = Debug;
		};
		FBDFC25C1DB859A800173221 /* Release */ = {
			isa = XCBuildConfiguration;
			buildSettings = {
				ALWAYS_SEARCH_USER_PATHS = NO;
				CLANG_ANALYZER_NONNULL = YES;
				CLANG_CXX_LANGUAGE_STANDARD = "gnu++0x";
				CLANG_CXX_LIBRARY = "libc++";
				CLANG_ENABLE_MODULES = YES;
				CLANG_ENABLE_OBJC_ARC = YES;
				CLANG_WARN_BOOL_CONVERSION = YES;
				CLANG_WARN_CONSTANT_CONVERSION = YES;
				CLANG_WARN_DIRECT_OBJC_ISA_USAGE = YES_ERROR;
				CLANG_WARN_DOCUMENTATION_COMMENTS = YES;
				CLANG_WARN_EMPTY_BODY = YES;
				CLANG_WARN_ENUM_CONVERSION = YES;
				CLANG_WARN_INFINITE_RECURSION = YES;
				CLANG_WARN_INT_CONVERSION = YES;
				CLANG_WARN_OBJC_ROOT_CLASS = YES_ERROR;
				CLANG_WARN_SUSPICIOUS_MOVES = YES;
				CLANG_WARN_UNREACHABLE_CODE = YES;
				CLANG_WARN__DUPLICATE_METHOD_MATCH = YES;
				"CODE_SIGN_IDENTITY[sdk=iphoneos*]" = "iPhone Developer";
				COPY_PHASE_STRIP = NO;
				DEBUG_INFORMATION_FORMAT = "dwarf-with-dsym";
				ENABLE_NS_ASSERTIONS = NO;
				ENABLE_STRICT_OBJC_MSGSEND = YES;
				GCC_C_LANGUAGE_STANDARD = gnu99;
				GCC_NO_COMMON_BLOCKS = YES;
				GCC_WARN_64_TO_32_BIT_CONVERSION = YES;
				GCC_WARN_ABOUT_RETURN_TYPE = YES_ERROR;
				GCC_WARN_UNDECLARED_SELECTOR = YES;
				GCC_WARN_UNINITIALIZED_AUTOS = YES_AGGRESSIVE;
				GCC_WARN_UNUSED_FUNCTION = YES;
				GCC_WARN_UNUSED_VARIABLE = YES;
				IPHONEOS_DEPLOYMENT_TARGET = 10.0;
				MTL_ENABLE_DEBUG_INFO = NO;
				SDKROOT = iphoneos;
				TARGETED_DEVICE_FAMILY = "1,2";
				VALIDATE_PRODUCT = YES;
			};
			name = Release;
		};
		FBDFC25E1DB859A800173221 /* Debug */ = {
			isa = XCBuildConfiguration;
			buildSettings = {
				ASSETCATALOG_COMPILER_APPICON_NAME = AppIcon;
				DEVELOPMENT_TEAM = 5PPD73Z536;
				INFOPLIST_FILE = LTDataStatus/Info.plist;
				LD_RUNPATH_SEARCH_PATHS = "$(inherited) @executable_path/Frameworks";
				PRODUCT_BUNDLE_IDENTIFIER = Jonny.LTDataStatus;
				PRODUCT_NAME = "$(TARGET_NAME)";
			};
			name = Debug;
		};
		FBDFC25F1DB859A800173221 /* Release */ = {
			isa = XCBuildConfiguration;
			buildSettings = {
				ASSETCATALOG_COMPILER_APPICON_NAME = AppIcon;
				DEVELOPMENT_TEAM = 5PPD73Z536;
				INFOPLIST_FILE = LTDataStatus/Info.plist;
				LD_RUNPATH_SEARCH_PATHS = "$(inherited) @executable_path/Frameworks";
				PRODUCT_BUNDLE_IDENTIFIER = Jonny.LTDataStatus;
				PRODUCT_NAME = "$(TARGET_NAME)";
			};
			name = Release;
		};
/* End XCBuildConfiguration section */

/* Begin XCConfigurationList section */
		FBDFC2411DB859A800173221 /* Build configuration list for PBXProject "LTDataStatus" */ = {
			isa = XCConfigurationList;
			buildConfigurations = (
				FBDFC25B1DB859A800173221 /* Debug */,
				FBDFC25C1DB859A800173221 /* Release */,
			);
			defaultConfigurationIsVisible = 0;
			defaultConfigurationName = Release;
		};
		FBDFC25D1DB859A800173221 /* Build configuration list for PBXNativeTarget "LTDataStatus" */ = {
			isa = XCConfigurationList;
			buildConfigurations = (
				FBDFC25E1DB859A800173221 /* Debug */,
				FBDFC25F1DB859A800173221 /* Release */,
			);
			defaultConfigurationIsVisible = 0;
		};
/* End XCConfigurationList section */
	};
	rootObject = FBDFC23E1DB859A800173221 /* Project object */;
}
